
Microsoft Visual Studio Solution File, Format Version 12.00
# Visual Studio Version 17
VisualStudioVersion = 17.3.32901.215
MinimumVisualStudioVersion = 10.0.40219.1
Project("{FAE04EC0-301F-11D3-BF4B-00C04F79EFBC}") = "MajorProjectExpenseManagementSystem", "MajorProjectExpenseManagementSystem\MajorProjectExpenseManagementSystem.csproj", "{01D2FB21-E417-4D8D-A6F4-F0BB512A32DE}"
EndProject
Global
	GlobalSection(SolutionConfigurationPlatforms) = preSolution
		Debug|Any CPU = Debug|Any CPU
		Release|Any CPU = Release|Any CPU
	EndGlobalSection
	GlobalSection(ProjectConfigurationPlatforms) = postSolution
		{01D2FB21-E417-4D8D-A6F4-F0BB512A32DE}.Debug|Any CPU.ActiveCfg = Debug|Any CPU
		{01D2FB21-E417-4D8D-A6F4-F0BB512A32DE}.Debug|Any CPU.Build.0 = Debug|Any CPU
		{01D2FB21-E417-4D8D-A6F4-F0BB512A32DE}.Release|Any CPU.ActiveCfg = Release|Any CPU
		{01D2FB21-E417-4D8D-A6F4-F0BB512A32DE}.Release|Any CPU.Build.0 = Release|Any CPU
	EndGlobalSection
	GlobalSection(SolutionProperties) = preSolution
		HideSolutionNode = FALSE
	EndGlobalSection
	GlobalSection(ExtensibilityGlobals) = postSolution
		SolutionGuid = {CAA4EE2A-94F3-4100-AFD4-1AC2C89E79DF}
	EndGlobalSection
EndGlobal
